
Microsoft Visual Studio Solution File, Format Version 12.00
# Visual Studio Version 16
VisualStudioVersion = 25.0.1705.2
MinimumVisualStudioVersion = 10.0.40219.1
Project("{FAE04EC0-301F-11D3-BF4B-00C04F79EFBC}") = "Project1", "Project1.csproj", "{EEC5FEF7-F79C-44F6-9C01-3531B08D47E7}"
EndProject
Global
	GlobalSection(SolutionConfigurationPlatforms) = preSolution
		Debug|Any CPU = Debug|Any CPU
		Release|Any CPU = Release|Any CPU
	EndGlobalSection
	GlobalSection(ProjectConfigurationPlatforms) = postSolution
		{EEC5FEF7-F79C-44F6-9C01-3531B08D47E7}.Debug|Any CPU.ActiveCfg = Debug|Any CPU
		{EEC5FEF7-F79C-44F6-9C01-3531B08D47E7}.Debug|Any CPU.Build.0 = Debug|Any CPU
		{EEC5FEF7-F79C-44F6-9C01-3531B08D47E7}.Release|Any CPU.ActiveCfg = Release|Any CPU
		{EEC5FEF7-F79C-44F6-9C01-3531B08D47E7}.Release|Any CPU.Build.0 = Release|Any CPU
	EndGlobalSection
	GlobalSection(SolutionProperties) = preSolution
		HideSolutionNode = FALSE
	EndGlobalSection
	GlobalSection(ExtensibilityGlobals) = postSolution
		SolutionGuid = {49B22BA3-1BBA-4A16-BF10-0606B93C50E1}
	EndGlobalSection
EndGlobal
